
Microsoft Visual Studio Solution File, Format Version 12.00
# Visual Studio Version 16
VisualStudioVersion = 16.0.31911.196
MinimumVisualStudioVersion = 10.0.40219.1
Project("{FAE04EC0-301F-11D3-BF4B-00C04F79EFBC}") = "Teste_SomadorDeNumeros", "Teste_SomadorDeNumeros.csproj", "{BD6D1788-648E-4A70-BE04-C90F94945222}"
EndProject
Global
	GlobalSection(SolutionConfigurationPlatforms) = preSolution
		Debug|Any CPU = Debug|Any CPU
		Release|Any CPU = Release|Any CPU
	EndGlobalSection
	GlobalSection(ProjectConfigurationPlatforms) = postSolution
		{BD6D1788-648E-4A70-BE04-C90F94945222}.Debug|Any CPU.ActiveCfg = Debug|Any CPU
		{BD6D1788-648E-4A70-BE04-C90F94945222}.Debug|Any CPU.Build.0 = Debug|Any CPU
		{BD6D1788-648E-4A70-BE04-C90F94945222}.Release|Any CPU.ActiveCfg = Release|Any CPU
		{BD6D1788-648E-4A70-BE04-C90F94945222}.Release|Any CPU.Build.0 = Release|Any CPU
	EndGlobalSection
	GlobalSection(SolutionProperties) = preSolution
		HideSolutionNode = FALSE
	EndGlobalSection
	GlobalSection(ExtensibilityGlobals) = postSolution
		SolutionGuid = {7D8D30B7-A519-446E-AF48-83F09CAEC4FA}
	EndGlobalSection
EndGlobal
